
Microsoft Visual Studio Solution File, Format Version 12.00
# Visual Studio Version 17
VisualStudioVersion = 17.10.34916.146
MinimumVisualStudioVersion = 10.0.40219.1
Project("{9A19103F-16F7-4668-BE54-9A1E7A4F7556}") = "SporKulubuYS_Service", "SporKulubu_YS\SporKulubuYS_Service.csproj", "{1DDBD07D-46F3-444D-875F-0E848FA10D39}"
EndProject
Project("{FAE04EC0-301F-11D3-BF4B-00C04F79EFBC}") = "SporKulubuYS_UI", "SporKulubuYS_UI\SporKulubuYS_UI.csproj", "{BF4B31BD-4CB4-4A49-B6F8-5C9ECA1CAF17}"
EndProject
Global
	GlobalSection(SolutionConfigurationPlatforms) = preSolution
		Debug|Any CPU = Debug|Any CPU
		Release|Any CPU = Release|Any CPU
	EndGlobalSection
	GlobalSection(ProjectConfigurationPlatforms) = postSolution
		{1DDBD07D-46F3-444D-875F-0E848FA10D39}.Debug|Any CPU.ActiveCfg = Debug|Any CPU
		{1DDBD07D-46F3-444D-875F-0E848FA10D39}.Debug|Any CPU.Build.0 = Debug|Any CPU
		{1DDBD07D-46F3-444D-875F-0E848FA10D39}.Release|Any CPU.ActiveCfg = Release|Any CPU
		{1DDBD07D-46F3-444D-875F-0E848FA10D39}.Release|Any CPU.Build.0 = Release|Any CPU
		{BF4B31BD-4CB4-4A49-B6F8-5C9ECA1CAF17}.Debug|Any CPU.ActiveCfg = Debug|Any CPU
		{BF4B31BD-4CB4-4A49-B6F8-5C9ECA1CAF17}.Debug|Any CPU.Build.0 = Debug|Any CPU
		{BF4B31BD-4CB4-4A49-B6F8-5C9ECA1CAF17}.Release|Any CPU.ActiveCfg = Release|Any CPU
		{BF4B31BD-4CB4-4A49-B6F8-5C9ECA1CAF17}.Release|Any CPU.Build.0 = Release|Any CPU
	EndGlobalSection
	GlobalSection(SolutionProperties) = preSolution
		HideSolutionNode = FALSE
	EndGlobalSection
	GlobalSection(ExtensibilityGlobals) = postSolution
		SolutionGuid = {4C88172C-2D39-4A21-9025-030887F4DDC0}
	EndGlobalSection
EndGlobal
